
Microsoft Visual Studio Solution File, Format Version 12.00
# Visual Studio Version 16
VisualStudioVersion = 16.0.29009.5
MinimumVisualStudioVersion = 10.0.40219.1
Project("{FAE04EC0-301F-11D3-BF4B-00C04F79EFBC}") = "RoboMark", "RoboMark.csproj", "{F148058B-7594-43EC-8677-4CC1C51A894D}"
EndProject
Global
	GlobalSection(SolutionConfigurationPlatforms) = preSolution
		Debug|Any CPU = Debug|Any CPU
		Release|Any CPU = Release|Any CPU
	EndGlobalSection
	GlobalSection(ProjectConfigurationPlatforms) = postSolution
		{F148058B-7594-43EC-8677-4CC1C51A894D}.Debug|Any CPU.ActiveCfg = Debug|Any CPU
		{F148058B-7594-43EC-8677-4CC1C51A894D}.Debug|Any CPU.Build.0 = Debug|Any CPU
		{F148058B-7594-43EC-8677-4CC1C51A894D}.Release|Any CPU.ActiveCfg = Release|Any CPU
		{F148058B-7594-43EC-8677-4CC1C51A894D}.Release|Any CPU.Build.0 = Release|Any CPU
	EndGlobalSection
	GlobalSection(SolutionProperties) = preSolution
		HideSolutionNode = FALSE
	EndGlobalSection
	GlobalSection(ExtensibilityGlobals) = postSolution
		SolutionGuid = {0281B71E-0C0D-4A64-A9B6-195A1EA3DB0A}
	EndGlobalSection
EndGlobal
